
Microsoft Visual Studio Solution File, Format Version 12.00
# Visual Studio 14
VisualStudioVersion = 14.0.25420.1
MinimumVisualStudioVersion = 10.0.40219.1
Project("{8BC9CEB8-8B4A-11D0-8D11-00A0C91BC942}") = "FinalHomeWork", "FinalHomeWork\FinalHomeWork.vcxproj", "{794CF48E-98A3-4941-897A-0C8C9DA1CAC9}"
EndProject
Project("{8BC9CEB8-8B4A-11D0-8D11-00A0C91BC942}") = "20160920", "20160920\20160920.vcxproj", "{D32E07E9-2AA9-4561-801D-990BC67F1F9A}"
EndProject
Project("{8BC9CEB8-8B4A-11D0-8D11-00A0C91BC942}") = "CppTask 01", "CppTask 01\CppTask 01.vcxproj", "{7CE9AC43-2F9D-4EF5-B6AA-65AE7608B9AA}"
EndProject
Project("{8BC9CEB8-8B4A-11D0-8D11-00A0C91BC942}") = "DataStructure01", "DataStructure01\DataStructure01.vcxproj", "{EA7FC03E-DE13-42E7-837B-B4477252AB59}"
EndProject
Project("{8BC9CEB8-8B4A-11D0-8D11-00A0C91BC942}") = "CppTask02", "CppTask02\CppTask02.vcxproj", "{523D27F1-0F36-4FD0-89B7-2647A74B7811}"
EndProject
Project("{8BC9CEB8-8B4A-11D0-8D11-00A0C91BC942}") = "CppCollection", "CppCollection\CppCollection.vcxproj", "{F60C93A3-578B-4C5D-A449-3A00E800553E}"
EndProject
Project("{8BC9CEB8-8B4A-11D0-8D11-00A0C91BC942}") = "DS03", "DS03\DS03.vcxproj", "{4FF9EF51-2627-4221-AFD1-597533FFB203}"
EndProject
Project("{8BC9CEB8-8B4A-11D0-8D11-00A0C91BC942}") = "CppCollection-LL", "CppCollection-LL\CppCollection-LL.vcxproj", "{07D5D382-C21F-4556-A9A1-E9D0263AD82E}"
EndProject
Project("{8BC9CEB8-8B4A-11D0-8D11-00A0C91BC942}") = "DS04", "DS04\DS04.vcxproj", "{E1A22D2D-FA39-4614-A65A-EAD405287A2B}"
EndProject
Project("{8BC9CEB8-8B4A-11D0-8D11-00A0C91BC942}") = "CppTask05", "CppTask05\CppTask05.vcxproj", "{783D4286-CC95-40C0-92C4-2B6683E8D32A}"
EndProject
Project("{8BC9CEB8-8B4A-11D0-8D11-00A0C91BC942}") = "DS05", "DS05\DS05.vcxproj", "{8C993769-4F8F-4896-B002-9F3C2704FD1B}"
EndProject
Project("{8BC9CEB8-8B4A-11D0-8D11-00A0C91BC942}") = "CppTask06", "CppTask06\CppTask06.vcxproj", "{067FF286-9089-4E18-8ECF-FCFA2BBF7A70}"
EndProject
Project("{8BC9CEB8-8B4A-11D0-8D11-00A0C91BC942}") = "CppTask07", "CppTask07\CppTask07.vcxproj", "{CE931AA5-3C2D-4907-BE06-A9AE530FB061}"
EndProject
Project("{8BC9CEB8-8B4A-11D0-8D11-00A0C91BC942}") = "DS06", "DS06\DS06.vcxproj", "{AEB0E88C-2389-4671-81CC-36703B637823}"
EndProject
Global
	GlobalSection(SolutionConfigurationPlatforms) = preSolution
		Debug|Any CPU = Debug|Any CPU
		Debug|x64 = Debug|x64
		Debug|x86 = Debug|x86
		Release|Any CPU = Release|Any CPU
		Release|x64 = Release|x64
		Release|x86 = Release|x86
	EndGlobalSection
	GlobalSection(ProjectConfigurationPlatforms) = postSolution
		{794CF48E-98A3-4941-897A-0C8C9DA1CAC9}.Debug|Any CPU.ActiveCfg = Debug|Win32
		{794CF48E-98A3-4941-897A-0C8C9DA1CAC9}.Debug|x64.ActiveCfg = Debug|x64
		{794CF48E-98A3-4941-897A-0C8C9DA1CAC9}.Debug|x64.Build.0 = Debug|x64
		{794CF48E-98A3-4941-897A-0C8C9DA1CAC9}.Debug|x86.ActiveCfg = Debug|Win32
		{794CF48E-98A3-4941-897A-0C8C9DA1CAC9}.Debug|x86.Build.0 = Debug|Win32
		{794CF48E-98A3-4941-897A-0C8C9DA1CAC9}.Release|Any CPU.ActiveCfg = Release|Win32
		{794CF48E-98A3-4941-897A-0C8C9DA1CAC9}.Release|x64.ActiveCfg = Release|x64
		{794CF48E-98A3-4941-897A-0C8C9DA1CAC9}.Release|x64.Build.0 = Release|x64
		{794CF48E-98A3-4941-897A-0C8C9DA1CAC9}.Release|x86.ActiveCfg = Release|Win32
		{794CF48E-98A3-4941-897A-0C8C9DA1CAC9}.Release|x86.Build.0 = Release|Win32
		{D32E07E9-2AA9-4561-801D-990BC67F1F9A}.Debug|Any CPU.ActiveCfg = Debug|Win32
		{D32E07E9-2AA9-4561-801D-990BC67F1F9A}.Debug|x64.ActiveCfg = Debug|x64
		{D32E07E9-2AA9-4561-801D-990BC67F1F9A}.Debug|x64.Build.0 = Debug|x64
		{D32E07E9-2AA9-4561-801D-990BC67F1F9A}.Debug|x86.ActiveCfg = Debug|Win32
		{D32E07E9-2AA9-4561-801D-990BC67F1F9A}.Debug|x86.Build.0 = Debug|Win32
		{D32E07E9-2AA9-4561-801D-990BC67F1F9A}.Release|Any CPU.ActiveCfg = Release|Win32
		{D32E07E9-2AA9-4561-801D-990BC67F1F9A}.Release|x64.ActiveCfg = Release|x64
		{D32E07E9-2AA9-4561-801D-990BC67F1F9A}.Release|x64.Build.0 = Release|x64
		{D32E07E9-2AA9-4561-801D-990BC67F1F9A}.Release|x86.ActiveCfg = Release|Win32
		{D32E07E9-2AA9-4561-801D-990BC67F1F9A}.Release|x86.Build.0 = Release|Win32
		{7CE9AC43-2F9D-4EF5-B6AA-65AE7608B9AA}.Debug|Any CPU.ActiveCfg = Debug|Win32
		{7CE9AC43-2F9D-4EF5-B6AA-65AE7608B9AA}.Debug|x64.ActiveCfg = Debug|x64
		{7CE9AC43-2F9D-4EF5-B6AA-65AE7608B9AA}.Debug|x64.Build.0 = Debug|x64
		{7CE9AC43-2F9D-4EF5-B6AA-65AE7608B9AA}.Debug|x86.ActiveCfg = Debug|Win32
		{7CE9AC43-2F9D-4EF5-B6AA-65AE7608B9AA}.Debug|x86.Build.0 = Debug|Win32
		{7CE9AC43-2F9D-4EF5-B6AA-65AE7608B9AA}.Release|Any CPU.ActiveCfg = Release|Win32
		{7CE9AC43-2F9D-4EF5-B6AA-65AE7608B9AA}.Release|x64.ActiveCfg = Release|x64
		{7CE9AC43-2F9D-4EF5-B6AA-65AE7608B9AA}.Release|x64.Build.0 = Release|x64
		{7CE9AC43-2F9D-4EF5-B6AA-65AE7608B9AA}.Release|x86.ActiveCfg = Release|Win32
		{7CE9AC43-2F9D-4EF5-B6AA-65AE7608B9AA}.Release|x86.Build.0 = Release|Win32
		{EA7FC03E-DE13-42E7-837B-B4477252AB59}.Debug|Any CPU.ActiveCfg = Debug|Win32
		{EA7FC03E-DE13-42E7-837B-B4477252AB59}.Debug|x64.ActiveCfg = Debug|x64
		{EA7FC03E-DE13-42E7-837B-B4477252AB59}.Debug|x64.Build.0 = Debug|x64
		{EA7FC03E-DE13-42E7-837B-B4477252AB59}.Debug|x86.ActiveCfg = Debug|Win32
		{EA7FC03E-DE13-42E7-837B-B4477252AB59}.Debug|x86.Build.0 = Debug|Win32
		{EA7FC03E-DE13-42E7-837B-B4477252AB59}.Release|Any CPU.ActiveCfg = Release|Win32
		{EA7FC03E-DE13-42E7-837B-B4477252AB59}.Release|x64.ActiveCfg = Release|x64
		{EA7FC03E-DE13-42E7-837B-B4477252AB59}.Release|x64.Build.0 = Release|x64
		{EA7FC03E-DE13-42E7-837B-B4477252AB59}.Release|x86.ActiveCfg = Release|Win32
		{EA7FC03E-DE13-42E7-837B-B4477252AB59}.Release|x86.Build.0 = Release|Win32
		{523D27F1-0F36-4FD0-89B7-2647A74B7811}.Debug|Any CPU.ActiveCfg = Debug|Win32
		{523D27F1-0F36-4FD0-89B7-2647A74B7811}.Debug|x64.ActiveCfg = Debug|x64
		{523D27F1-0F36-4FD0-89B7-2647A74B7811}.Debug|x64.Build.0 = Debug|x64
		{523D27F1-0F36-4FD0-89B7-2647A74B7811}.Debug|x86.ActiveCfg = Debug|Win32
		{523D27F1-0F36-4FD0-89B7-2647A74B7811}.Debug|x86.Build.0 = Debug|Win32
		{523D27F1-0F36-4FD0-89B7-2647A74B7811}.Release|Any CPU.ActiveCfg = Release|Win32
		{523D27F1-0F36-4FD0-89B7-2647A74B7811}.Release|x64.ActiveCfg = Release|x64
		{523D27F1-0F36-4FD0-89B7-2647A74B7811}.Release|x64.Build.0 = Release|x64
		{523D27F1-0F36-4FD0-89B7-2647A74B7811}.Release|x86.ActiveCfg = Release|Win32
		{523D27F1-0F36-4FD0-89B7-2647A74B7811}.Release|x86.Build.0 = Release|Win32
		{F60C93A3-578B-4C5D-A449-3A00E800553E}.Debug|Any CPU.ActiveCfg = Debug|Win32
		{F60C93A3-578B-4C5D-A449-3A00E800553E}.Debug|x64.ActiveCfg = Debug|x64
		{F60C93A3-578B-4C5D-A449-3A00E800553E}.Debug|x64.Build.0 = Debug|x64
		{F60C93A3-578B-4C5D-A449-3A00E800553E}.Debug|x86.ActiveCfg = Debug|Win32
		{F60C93A3-578B-4C5D-A449-3A00E800553E}.Debug|x86.Build.0 = Debug|Win32
		{F60C93A3-578B-4C5D-A449-3A00E800553E}.Release|Any CPU.ActiveCfg = Release|Win32
		{F60C93A3-578B-4C5D-A449-3A00E800553E}.Release|x64.ActiveCfg = Release|x64
		{F60C93A3-578B-4C5D-A449-3A00E800553E}.Release|x64.Build.0 = Release|x64
		{F60C93A3-578B-4C5D-A449-3A00E800553E}.Release|x86.ActiveCfg = Release|Win32
		{F60C93A3-578B-4C5D-A449-3A00E800553E}.Release|x86.Build.0 = Release|Win32
		{4FF9EF51-2627-4221-AFD1-597533FFB203}.Debug|Any CPU.ActiveCfg = Debug|Win32
		{4FF9EF51-2627-4221-AFD1-597533FFB203}.Debug|x64.ActiveCfg = Debug|x64
		{4FF9EF51-2627-4221-AFD1-597533FFB203}.Debug|x64.Build.0 = Debug|x64
		{4FF9EF51-2627-4221-AFD1-597533FFB203}.Debug|x86.ActiveCfg = Debug|Win32
		{4FF9EF51-2627-4221-AFD1-597533FFB203}.Debug|x86.Build.0 = Debug|Win32
		{4FF9EF51-2627-4221-AFD1-597533FFB203}.Release|Any CPU.ActiveCfg = Release|Win32
		{4FF9EF51-2627-4221-AFD1-597533FFB203}.Release|x64.ActiveCfg = Release|x64
		{4FF9EF51-2627-4221-AFD1-597533FFB203}.Release|x64.Build.0 = Release|x64
		{4FF9EF51-2627-4221-AFD1-597533FFB203}.Release|x86.ActiveCfg = Release|Win32
		{4FF9EF51-2627-4221-AFD1-597533FFB203}.Release|x86.Build.0 = Release|Win32
		{07D5D382-C21F-4556-A9A1-E9D0263AD82E}.Debug|Any CPU.ActiveCfg = Debug|Win32
		{07D5D382-C21F-4556-A9A1-E9D0263AD82E}.Debug|x64.ActiveCfg = Debug|x64
		{07D5D382-C21F-4556-A9A1-E9D0263AD82E}.Debug|x64.Build.0 = Debug|x64
		{07D5D382-C21F-4556-A9A1-E9D0263AD82E}.Debug|x86.ActiveCfg = Debug|Win32
		{07D5D382-C21F-4556-A9A1-E9D0263AD82E}.Debug|x86.Build.0 = Debug|Win32
		{07D5D382-C21F-4556-A9A1-E9D0263AD82E}.Release|Any CPU.ActiveCfg = Release|Win32
		{07D5D382-C21F-4556-A9A1-E9D0263AD82E}.Release|x64.ActiveCfg = Release|x64
		{07D5D382-C21F-4556-A9A1-E9D0263AD82E}.Release|x64.Build.0 = Release|x64
		{07D5D382-C21F-4556-A9A1-E9D0263AD82E}.Release|x86.ActiveCfg = Release|Win32
		{07D5D382-C21F-4556-A9A1-E9D0263AD82E}.Release|x86.Build.0 = Release|Win32
		{E1A22D2D-FA39-4614-A65A-EAD405287A2B}.Debug|Any CPU.ActiveCfg = Debug|Win32
		{E1A22D2D-FA39-4614-A65A-EAD405287A2B}.Debug|x64.ActiveCfg = Debug|x64
		{E1A22D2D-FA39-4614-A65A-EAD405287A2B}.Debug|x64.Build.0 = Debug|x64
		{E1A22D2D-FA39-4614-A65A-EAD405287A2B}.Debug|x86.ActiveCfg = Debug|Win32
		{E1A22D2D-FA39-4614-A65A-EAD405287A2B}.Debug|x86.Build.0 = Debug|Win32
		{E1A22D2D-FA39-4614-A65A-EAD405287A2B}.Release|Any CPU.ActiveCfg = Release|Win32
		{E1A22D2D-FA39-4614-A65A-EAD405287A2B}.Release|x64.ActiveCfg = Release|x64
		{E1A22D2D-FA39-4614-A65A-EAD405287A2B}.Release|x64.Build.0 = Release|x64
		{E1A22D2D-FA39-4614-A65A-EAD405287A2B}.Release|x86.ActiveCfg = Release|Win32
		{E1A22D2D-FA39-4614-A65A-EAD405287A2B}.Release|x86.Build.0 = Release|Win32
		{783D4286-CC95-40C0-92C4-2B6683E8D32A}.Debug|Any CPU.ActiveCfg = Debug|Win32
		{783D4286-CC95-40C0-92C4-2B6683E8D32A}.Debug|x64.ActiveCfg = Debug|x64
		{783D4286-CC95-40C0-92C4-2B6683E8D32A}.Debug|x64.Build.0 = Debug|x64
		{783D4286-CC95-40C0-92C4-2B6683E8D32A}.Debug|x86.ActiveCfg = Debug|Win32
		{783D4286-CC95-40C0-92C4-2B6683E8D32A}.Debug|x86.Build.0 = Debug|Win32
		{783D4286-CC95-40C0-92C4-2B6683E8D32A}.Release|Any CPU.ActiveCfg = Release|Win32
		{783D4286-CC95-40C0-92C4-2B6683E8D32A}.Release|x64.ActiveCfg = Release|x64
		{783D4286-CC95-40C0-92C4-2B6683E8D32A}.Release|x64.Build.0 = Release|x64
		{783D4286-CC95-40C0-92C4-2B6683E8D32A}.Release|x86.ActiveCfg = Release|Win32
		{783D4286-CC95-40C0-92C4-2B6683E8D32A}.Release|x86.Build.0 = Release|Win32
		{8C993769-4F8F-4896-B002-9F3C2704FD1B}.Debug|Any CPU.ActiveCfg = Debug|Win32
		{8C993769-4F8F-4896-B002-9F3C2704FD1B}.Debug|x64.ActiveCfg = Debug|x64
		{8C993769-4F8F-4896-B002-9F3C2704FD1B}.Debug|x64.Build.0 = Debug|x64
		{8C993769-4F8F-4896-B002-9F3C2704FD1B}.Debug|x86.ActiveCfg = Debug|Win32
		{8C993769-4F8F-4896-B002-9F3C2704FD1B}.Debug|x86.Build.0 = Debug|Win32
		{8C993769-4F8F-4896-B002-9F3C2704FD1B}.Release|Any CPU.ActiveCfg = Release|Win32
		{8C993769-4F8F-4896-B002-9F3C2704FD1B}.Release|x64.ActiveCfg = Release|x64
		{8C993769-4F8F-4896-B002-9F3C2704FD1B}.Release|x64.Build.0 = Release|x64
		{8C993769-4F8F-4896-B002-9F3C2704FD1B}.Release|x86.ActiveCfg = Release|Win32
		{8C993769-4F8F-4896-B002-9F3C2704FD1B}.Release|x86.Build.0 = Release|Win32
		{067FF286-9089-4E18-8ECF-FCFA2BBF7A70}.Debug|Any CPU.ActiveCfg = Debug|Win32
		{067FF286-9089-4E18-8ECF-FCFA2BBF7A70}.Debug|x64.ActiveCfg = Debug|x64
		{067FF286-9089-4E18-8ECF-FCFA2BBF7A70}.Debug|x64.Build.0 = Debug|x64
		{067FF286-9089-4E18-8ECF-FCFA2BBF7A70}.Debug|x86.ActiveCfg = Debug|Win32
		{067FF286-9089-4E18-8ECF-FCFA2BBF7A70}.Debug|x86.Build.0 = Debug|Win32
		{067FF286-9089-4E18-8ECF-FCFA2BBF7A70}.Release|Any CPU.ActiveCfg = Release|Win32
		{067FF286-9089-4E18-8ECF-FCFA2BBF7A70}.Release|x64.ActiveCfg = Release|x64
		{067FF286-9089-4E18-8ECF-FCFA2BBF7A70}.Release|x64.Build.0 = Release|x64
		{067FF286-9089-4E18-8ECF-FCFA2BBF7A70}.Release|x86.ActiveCfg = Release|Win32
		{067FF286-9089-4E18-8ECF-FCFA2BBF7A70}.Release|x86.Build.0 = Release|Win32
		{CE931AA5-3C2D-4907-BE06-A9AE530FB061}.Debug|Any CPU.ActiveCfg = Debug|Win32
		{CE931AA5-3C2D-4907-BE06-A9AE530FB061}.Debug|x64.ActiveCfg = Debug|x64
		{CE931AA5-3C2D-4907-BE06-A9AE530FB061}.Debug|x64.Build.0 = Debug|x64
		{CE931AA5-3C2D-4907-BE06-A9AE530FB061}.Debug|x86.ActiveCfg = Debug|Win32
		{CE931AA5-3C2D-4907-BE06-A9AE530FB061}.Debug|x86.Build.0 = Debug|Win32
		{CE931AA5-3C2D-4907-BE06-A9AE530FB061}.Release|Any CPU.ActiveCfg = Release|Win32
		{CE931AA5-3C2D-4907-BE06-A9AE530FB061}.Release|x64.ActiveCfg = Release|x64
		{CE931AA5-3C2D-4907-BE06-A9AE530FB061}.Release|x64.Build.0 = Release|x64
		{CE931AA5-3C2D-4907-BE06-A9AE530FB061}.Release|x86.ActiveCfg = Release|Win32
		{CE931AA5-3C2D-4907-BE06-A9AE530FB061}.Release|x86.Build.0 = Release|Win32
		{AEB0E88C-2389-4671-81CC-36703B637823}.Debug|Any CPU.ActiveCfg = Debug|Win32
		{AEB0E88C-2389-4671-81CC-36703B637823}.Debug|x64.ActiveCfg = Debug|x64
		{AEB0E88C-2389-4671-81CC-36703B637823}.Debug|x64.Build.0 = Debug|x64
		{AEB0E88C-2389-4671-81CC-36703B637823}.Debug|x86.ActiveCfg = Debug|Win32
		{AEB0E88C-2389-4671-81CC-36703B637823}.Debug|x86.Build.0 = Debug|Win32
		{AEB0E88C-2389-4671-81CC-36703B637823}.Release|Any CPU.ActiveCfg = Release|Win32
		{AEB0E88C-2389-4671-81CC-36703B637823}.Release|x64.ActiveCfg = Release|x64
		{AEB0E88C-2389-4671-81CC-36703B637823}.Release|x64.Build.0 = Release|x64
		{AEB0E88C-2389-4671-81CC-36703B637823}.Release|x86.ActiveCfg = Release|Win32
		{AEB0E88C-2389-4671-81CC-36703B637823}.Release|x86.Build.0 = Release|Win32
	EndGlobalSection
	GlobalSection(SolutionProperties) = preSolution
		HideSolutionNode = FALSE
	EndGlobalSection
EndGlobal
