
Microsoft Visual Studio Solution File, Format Version 12.00
# Visual Studio 15
VisualStudioVersion = 15.0.25618.0
MinimumVisualStudioVersion = 10.0.40219.1
Project("{FAE04EC0-301F-11D3-BF4B-00C04F79EFBC}") = "PhyExperiment", "PhyExperiment\PhyExperiment.csproj", "{06B2CEA9-8A42-4CA4-A9B5-A879C3628C99}"
EndProject
Global
	GlobalSection(SolutionConfigurationPlatforms) = preSolution
		Debug|Any CPU = Debug|Any CPU
		Release|Any CPU = Release|Any CPU
	EndGlobalSection
	GlobalSection(ProjectConfigurationPlatforms) = postSolution
		{06B2CEA9-8A42-4CA4-A9B5-A879C3628C99}.Debug|Any CPU.ActiveCfg = Debug|Any CPU
		{06B2CEA9-8A42-4CA4-A9B5-A879C3628C99}.Debug|Any CPU.Build.0 = Debug|Any CPU
		{06B2CEA9-8A42-4CA4-A9B5-A879C3628C99}.Release|Any CPU.ActiveCfg = Release|Any CPU
		{06B2CEA9-8A42-4CA4-A9B5-A879C3628C99}.Release|Any CPU.Build.0 = Release|Any CPU
	EndGlobalSection
	GlobalSection(SolutionProperties) = preSolution
		HideSolutionNode = FALSE
	EndGlobalSection
EndGlobal
