
Microsoft Visual Studio Solution File, Format Version 12.00
# Visual Studio 14
VisualStudioVersion = 14.0.25420.1
MinimumVisualStudioVersion = 10.0.40219.1
Project("{FAE04EC0-301F-11D3-BF4B-00C04F79EFBC}") = "WebAuth", "WebAuth\WebAuth.csproj", "{0674C242-1C35-4B9A-889D-B9EC93F4E1A5}"
EndProject
Project("{FAE04EC0-301F-11D3-BF4B-00C04F79EFBC}") = "WebAuth.Domain", "WebAuth.Domain\WebAuth.Domain.csproj", "{454F1B18-0DD4-4EC4-99A0-98375C0BD4CF}"
EndProject
Global
	GlobalSection(SolutionConfigurationPlatforms) = preSolution
		Debug|Any CPU = Debug|Any CPU
		Release|Any CPU = Release|Any CPU
	EndGlobalSection
	GlobalSection(ProjectConfigurationPlatforms) = postSolution
		{0674C242-1C35-4B9A-889D-B9EC93F4E1A5}.Debug|Any CPU.ActiveCfg = Debug|Any CPU
		{0674C242-1C35-4B9A-889D-B9EC93F4E1A5}.Debug|Any CPU.Build.0 = Debug|Any CPU
		{0674C242-1C35-4B9A-889D-B9EC93F4E1A5}.Release|Any CPU.ActiveCfg = Release|Any CPU
		{0674C242-1C35-4B9A-889D-B9EC93F4E1A5}.Release|Any CPU.Build.0 = Release|Any CPU
		{454F1B18-0DD4-4EC4-99A0-98375C0BD4CF}.Debug|Any CPU.ActiveCfg = Debug|Any CPU
		{454F1B18-0DD4-4EC4-99A0-98375C0BD4CF}.Debug|Any CPU.Build.0 = Debug|Any CPU
		{454F1B18-0DD4-4EC4-99A0-98375C0BD4CF}.Release|Any CPU.ActiveCfg = Release|Any CPU
		{454F1B18-0DD4-4EC4-99A0-98375C0BD4CF}.Release|Any CPU.Build.0 = Release|Any CPU
	EndGlobalSection
	GlobalSection(SolutionProperties) = preSolution
		HideSolutionNode = FALSE
	EndGlobalSection
EndGlobal
